// !$*UTF8*$!
{
	archiveVersion = 1;
	classes = {
	};
	objectVersion = 55;
	objects = {

/* Begin PBXBuildFile section */
		4901CFF92847A8C200143EB9 /* VisionaryDesignAppApp.swift in Sources */ = {isa = PBXBuildFile; fileRef = 4901CFF82847A8C200143EB9 /* VisionaryDesignAppApp.swift */; };
		4901CFFB2847A8C200143EB9 /* ContentView.swift in Sources */ = {isa = PBXBuildFile; fileRef = 4901CFFA2847A8C200143EB9 /* ContentView.swift */; };
		4901CFFD2847A8C500143EB9 /* Assets.xcassets in Resources */ = {isa = PBXBuildFile; fileRef = 4901CFFC2847A8C500143EB9 /* Assets.xcassets */; };
		4901D0002847A8C500143EB9 /* Preview Assets.xcassets in Resources */ = {isa = PBXBuildFile; fileRef = 4901CFFF2847A8C500143EB9 /* Preview Assets.xcassets */; };
		4901D00A2847A8C500143EB9 /* VisionaryDesignAppTests.swift in Sources */ = {isa = PBXBuildFile; fileRef = 4901D0092847A8C500143EB9 /* VisionaryDesignAppTests.swift */; };
		4901D0142847A8C500143EB9 /* VisionaryDesignAppUITests.swift in Sources */ = {isa = PBXBuildFile; fileRef = 4901D0132847A8C500143EB9 /* VisionaryDesignAppUITests.swift */; };
		4901D0162847A8C500143EB9 /* VisionaryDesignAppUITestsLaunchTests.swift in Sources */ = {isa = PBXBuildFile; fileRef = 4901D0152847A8C500143EB9 /* VisionaryDesignAppUITestsLaunchTests.swift */; };
		4901D0232847AA4C00143EB9 /* MainScreen.swift in Sources */ = {isa = PBXBuildFile; fileRef = 4901D0222847AA4C00143EB9 /* MainScreen.swift */; };
/* End PBXBuildFile section */

/* Begin PBXContainerItemProxy section */
		4901D0062847A8C500143EB9 /* PBXContainerItemProxy */ = {
			isa = PBXContainerItemProxy;
			containerPortal = 4901CFED2847A8C200143EB9 /* Project object */;
			proxyType = 1;
			remoteGlobalIDString = 4901CFF42847A8C200143EB9;
			remoteInfo = VisionaryDesignApp;
		};
		4901D0102847A8C500143EB9 /* PBXContainerItemProxy */ = {
			isa = PBXContainerItemProxy;
			containerPortal = 4901CFED2847A8C200143EB9 /* Project object */;
			proxyType = 1;
			remoteGlobalIDString = 4901CFF42847A8C200143EB9;
			remoteInfo = VisionaryDesignApp;
		};
/* End PBXContainerItemProxy section */

/* Begin PBXFileReference section */
		4901CFF52847A8C200143EB9 /* VisionaryDesignApp.app */ = {isa = PBXFileReference; explicitFileType = wrapper.application; includeInIndex = 0; path = VisionaryDesignApp.app; sourceTree = BUILT_PRODUCTS_DIR; };
		4901CFF82847A8C200143EB9 /* VisionaryDesignAppApp.swift */ = {isa = PBXFileReference; lastKnownFileType = sourcecode.swift; path = VisionaryDesignAppApp.swift; sourceTree = "<group>"; };
		4901CFFA2847A8C200143EB9 /* ContentView.swift */ = {isa = PBXFileReference; lastKnownFileType = sourcecode.swift; path = ContentView.swift; sourceTree = "<group>"; };
		4901CFFC2847A8C500143EB9 /* Assets.xcassets */ = {isa = PBXFileReference; lastKnownFileType = folder.assetcatalog; path = Assets.xcassets; sourceTree = "<group>"; };
		4901CFFF2847A8C500143EB9 /* Preview Assets.xcassets */ = {isa = PBXFileReference; lastKnownFileType = folder.assetcatalog; path = "Preview Assets.xcassets"; sourceTree = "<group>"; };
		4901D0052847A8C500143EB9 /* VisionaryDesignAppTests.xctest */ = {isa = PBXFileReference; explicitFileType = wrapper.cfbundle; includeInIndex = 0; path = VisionaryDesignAppTests.xctest; sourceTree = BUILT_PRODUCTS_DIR; };
		4901D0092847A8C500143EB9 /* VisionaryDesignAppTests.swift */ = {isa = PBXFileReference; lastKnownFileType = sourcecode.swift; path = VisionaryDesignAppTests.swift; sourceTree = "<group>"; };
		4901D00F2847A8C500143EB9 /* VisionaryDesignAppUITests.xctest */ = {isa = PBXFileReference; explicitFileType = wrapper.cfbundle; includeInIndex = 0; path = VisionaryDesignAppUITests.xctest; sourceTree = BUILT_PRODUCTS_DIR; };
		4901D0132847A8C500143EB9 /* VisionaryDesignAppUITests.swift */ = {isa = PBXFileReference; lastKnownFileType = sourcecode.swift; path = VisionaryDesignAppUITests.swift; sourceTree = "<group>"; };
		4901D0152847A8C500143EB9 /* VisionaryDesignAppUITestsLaunchTests.swift */ = {isa = PBXFileReference; lastKnownFileType = sourcecode.swift; path = VisionaryDesignAppUITestsLaunchTests.swift; sourceTree = "<group>"; };
		4901D0222847AA4C00143EB9 /* MainScreen.swift */ = {isa = PBXFileReference; lastKnownFileType = sourcecode.swift; path = MainScreen.swift; sourceTree = "<group>"; };
/* End PBXFileReference section */

/* Begin PBXFrameworksBuildPhase section */
		4901CFF22847A8C200143EB9 /* Frameworks */ = {
			isa = PBXFrameworksBuildPhase;
			buildActionMask = 2147483647;
			files = (
			);
			runOnlyForDeploymentPostprocessing = 0;
		};
		4901D0022847A8C500143EB9 /* Frameworks */ = {
			isa = PBXFrameworksBuildPhase;
			buildActionMask = 2147483647;
			files = (
			);
			runOnlyForDeploymentPostprocessing = 0;
		};
		4901D00C2847A8C500143EB9 /* Frameworks */ = {
			isa = PBXFrameworksBuildPhase;
			buildActionMask = 2147483647;
			files = (
			);
			runOnlyForDeploymentPostprocessing = 0;
		};
/* End PBXFrameworksBuildPhase section */

/* Begin PBXGroup section */
		4901CFEC2847A8C200143EB9 = {
			isa = PBXGroup;
			children = (
				4901CFF72847A8C200143EB9 /* VisionaryDesignApp */,
				4901D0082847A8C500143EB9 /* VisionaryDesignAppTests */,
				4901D0122847A8C500143EB9 /* VisionaryDesignAppUITests */,
				4901CFF62847A8C200143EB9 /* Products */,
			);
			sourceTree = "<group>";
		};
		4901CFF62847A8C200143EB9 /* Products */ = {
			isa = PBXGroup;
			children = (
				4901CFF52847A8C200143EB9 /* VisionaryDesignApp.app */,
				4901D0052847A8C500143EB9 /* VisionaryDesignAppTests.xctest */,
				4901D00F2847A8C500143EB9 /* VisionaryDesignAppUITests.xctest */,
			);
			name = Products;
			sourceTree = "<group>";
		};
		4901CFF72847A8C200143EB9 /* VisionaryDesignApp */ = {
			isa = PBXGroup;
			children = (
				4901CFF82847A8C200143EB9 /* VisionaryDesignAppApp.swift */,
				4901CFFA2847A8C200143EB9 /* ContentView.swift */,
				4901CFFC2847A8C500143EB9 /* Assets.xcassets */,
				4901CFFE2847A8C500143EB9 /* Preview Content */,
				4901D0222847AA4C00143EB9 /* MainScreen.swift */,
			);
			path = VisionaryDesignApp;
			sourceTree = "<group>";
		};
		4901CFFE2847A8C500143EB9 /* Preview Content */ = {
			isa = PBXGroup;
			children = (
				4901CFFF2847A8C500143EB9 /* Preview Assets.xcassets */,
			);
			path = "Preview Content";
			sourceTree = "<group>";
		};
		4901D0082847A8C500143EB9 /* VisionaryDesignAppTests */ = {
			isa = PBXGroup;
			children = (
				4901D0092847A8C500143EB9 /* VisionaryDesignAppTests.swift */,
			);
			path = VisionaryDesignAppTests;
			sourceTree = "<group>";
		};
		4901D0122847A8C500143EB9 /* VisionaryDesignAppUITests */ = {
			isa = PBXGroup;
			children = (
				4901D0132847A8C500143EB9 /* VisionaryDesignAppUITests.swift */,
				4901D0152847A8C500143EB9 /* VisionaryDesignAppUITestsLaunchTests.swift */,
			);
			path = VisionaryDesignAppUITests;
			sourceTree = "<group>";
		};
/* End PBXGroup section */

/* Begin PBXNativeTarget section */
		4901CFF42847A8C200143EB9 /* VisionaryDesignApp */ = {
			isa = PBXNativeTarget;
			buildConfigurationList = 4901D0192847A8C500143EB9 /* Build configuration list for PBXNativeTarget "VisionaryDesignApp" */;
			buildPhases = (
				4901CFF12847A8C200143EB9 /* Sources */,
				4901CFF22847A8C200143EB9 /* Frameworks */,
				4901CFF32847A8C200143EB9 /* Resources */,
			);
			buildRules = (
			);
			dependencies = (
			);
			name = VisionaryDesignApp;
			productName = VisionaryDesignApp;
			productReference = 4901CFF52847A8C200143EB9 /* VisionaryDesignApp.app */;
			productType = "com.apple.product-type.application";
		};
		4901D0042847A8C500143EB9 /* VisionaryDesignAppTests */ = {
			isa = PBXNativeTarget;
			buildConfigurationList = 4901D01C2847A8C500143EB9 /* Build configuration list for PBXNativeTarget "VisionaryDesignAppTests" */;
			buildPhases = (
				4901D0012847A8C500143EB9 /* Sources */,
				4901D0022847A8C500143EB9 /* Frameworks */,
				4901D0032847A8C500143EB9 /* Resources */,
			);
			buildRules = (
			);
			dependencies = (
				4901D0072847A8C500143EB9 /* PBXTargetDependency */,
			);
			name = VisionaryDesignAppTests;
			productName = VisionaryDesignAppTests;
			productReference = 4901D0052847A8C500143EB9 /* VisionaryDesignAppTests.xctest */;
			productType = "com.apple.product-type.bundle.unit-test";
		};
		4901D00E2847A8C500143EB9 /* VisionaryDesignAppUITests */ = {
			isa = PBXNativeTarget;
			buildConfigurationList = 4901D01F2847A8C500143EB9 /* Build configuration list for PBXNativeTarget "VisionaryDesignAppUITests" */;
			buildPhases = (
				4901D00B2847A8C500143EB9 /* Sources */,
				4901D00C2847A8C500143EB9 /* Frameworks */,
				4901D00D2847A8C500143EB9 /* Resources */,
			);
			buildRules = (
			);
			dependencies = (
				4901D0112847A8C500143EB9 /* PBXTargetDependency */,
			);
			name = VisionaryDesignAppUITests;
			productName = VisionaryDesignAppUITests;
			productReference = 4901D00F2847A8C500143EB9 /* VisionaryDesignAppUITests.xctest */;
			productType = "com.apple.product-type.bundle.ui-testing";
		};
/* End PBXNativeTarget section */

/* Begin PBXProject section */
		4901CFED2847A8C200143EB9 /* Project object */ = {
			isa = PBXProject;
			attributes = {
				BuildIndependentTargetsInParallel = 1;
				LastSwiftUpdateCheck = 1340;
				LastUpgradeCheck = 1340;
				TargetAttributes = {
					4901CFF42847A8C200143EB9 = {
						CreatedOnToolsVersion = 13.4;
					};
					4901D0042847A8C500143EB9 = {
						CreatedOnToolsVersion = 13.4;
						TestTargetID = 4901CFF42847A8C200143EB9;
					};
					4901D00E2847A8C500143EB9 = {
						CreatedOnToolsVersion = 13.4;
						TestTargetID = 4901CFF42847A8C200143EB9;
					};
				};
			};
			buildConfigurationList = 4901CFF02847A8C200143EB9 /* Build configuration list for PBXProject "VisionaryDesignApp" */;
			compatibilityVersion = "Xcode 13.0";
			developmentRegion = en;
			hasScannedForEncodings = 0;
			knownRegions = (
				en,
				Base,
			);
			mainGroup = 4901CFEC2847A8C200143EB9;
			productRefGroup = 4901CFF62847A8C200143EB9 /* Products */;
			projectDirPath = "";
			projectRoot = "";
			targets = (
				4901CFF42847A8C200143EB9 /* VisionaryDesignApp */,
				4901D0042847A8C500143EB9 /* VisionaryDesignAppTests */,
				4901D00E2847A8C500143EB9 /* VisionaryDesignAppUITests */,
			);
		};
/* End PBXProject section */

/* Begin PBXResourcesBuildPhase section */
		4901CFF32847A8C200143EB9 /* Resources */ = {
			isa = PBXResourcesBuildPhase;
			buildActionMask = 2147483647;
			files = (
				4901D0002847A8C500143EB9 /* Preview Assets.xcassets in Resources */,
				4901CFFD2847A8C500143EB9 /* Assets.xcassets in Resources */,
			);
			runOnlyForDeploymentPostprocessing = 0;
		};
		4901D0032847A8C500143EB9 /* Resources */ = {
			isa = PBXResourcesBuildPhase;
			buildActionMask = 2147483647;
			files = (
			);
			runOnlyForDeploymentPostprocessing = 0;
		};
		4901D00D2847A8C500143EB9 /* Resources */ = {
			isa = PBXResourcesBuildPhase;
			buildActionMask = 2147483647;
			files = (
			);
			runOnlyForDeploymentPostprocessing = 0;
		};
/* End PBXResourcesBuildPhase section */

/* Begin PBXSourcesBuildPhase section */
		4901CFF12847A8C200143EB9 /* Sources */ = {
			isa = PBXSourcesBuildPhase;
			buildActionMask = 2147483647;
			files = (
				4901D0232847AA4C00143EB9 /* MainScreen.swift in Sources */,
				4901CFFB2847A8C200143EB9 /* ContentView.swift in Sources */,
				4901CFF92847A8C200143EB9 /* VisionaryDesignAppApp.swift in Sources */,
			);
			runOnlyForDeploymentPostprocessing = 0;
		};
		4901D0012847A8C500143EB9 /* Sources */ = {
			isa = PBXSourcesBuildPhase;
			buildActionMask = 2147483647;
			files = (
				4901D00A2847A8C500143EB9 /* VisionaryDesignAppTests.swift in Sources */,
			);
			runOnlyForDeploymentPostprocessing = 0;
		};
		4901D00B2847A8C500143EB9 /* Sources */ = {
			isa = PBXSourcesBuildPhase;
			buildActionMask = 2147483647;
			files = (
				4901D0142847A8C500143EB9 /* VisionaryDesignAppUITests.swift in Sources */,
				4901D0162847A8C500143EB9 /* VisionaryDesignAppUITestsLaunchTests.swift in Sources */,
			);
			runOnlyForDeploymentPostprocessing = 0;
		};
/* End PBXSourcesBuildPhase section */

/* Begin PBXTargetDependency section */
		4901D0072847A8C500143EB9 /* PBXTargetDependency */ = {
			isa = PBXTargetDependency;
			target = 4901CFF42847A8C200143EB9 /* VisionaryDesignApp */;
			targetProxy = 4901D0062847A8C500143EB9 /* PBXContainerItemProxy */;
		};
		4901D0112847A8C500143EB9 /* PBXTargetDependency */ = {
			isa = PBXTargetDependency;
			target = 4901CFF42847A8C200143EB9 /* VisionaryDesignApp */;
			targetProxy = 4901D0102847A8C500143EB9 /* PBXContainerItemProxy */;
		};
/* End PBXTargetDependency section */

/* Begin XCBuildConfiguration section */
		4901D0172847A8C500143EB9 /* Debug */ = {
			isa = XCBuildConfiguration;
			buildSettings = {
				ALWAYS_SEARCH_USER_PATHS = NO;
				CLANG_ANALYZER_NONNULL = YES;
				CLANG_ANALYZER_NUMBER_OBJECT_CONVERSION = YES_AGGRESSIVE;
				CLANG_CXX_LANGUAGE_STANDARD = "gnu++17";
				CLANG_ENABLE_MODULES = YES;
				CLANG_ENABLE_OBJC_ARC = YES;
				CLANG_ENABLE_OBJC_WEAK = YES;
				CLANG_WARN_BLOCK_CAPTURE_AUTORELEASING = YES;
				CLANG_WARN_BOOL_CONVERSION = YES;
				CLANG_WARN_COMMA = YES;
				CLANG_WARN_CONSTANT_CONVERSION = YES;
				CLANG_WARN_DEPRECATED_OBJC_IMPLEMENTATIONS = YES;
				CLANG_WARN_DIRECT_OBJC_ISA_USAGE = YES_ERROR;
				CLANG_WARN_DOCUMENTATION_COMMENTS = YES;
				CLANG_WARN_EMPTY_BODY = YES;
				CLANG_WARN_ENUM_CONVERSION = YES;
				CLANG_WARN_INFINITE_RECURSION = YES;
				CLANG_WARN_INT_CONVERSION = YES;
				CLANG_WARN_NON_LITERAL_NULL_CONVERSION = YES;
				CLANG_WARN_OBJC_IMPLICIT_RETAIN_SELF = YES;
				CLANG_WARN_OBJC_LITERAL_CONVERSION = YES;
				CLANG_WARN_OBJC_ROOT_CLASS = YES_ERROR;
				CLANG_WARN_QUOTED_INCLUDE_IN_FRAMEWORK_HEADER = YES;
				CLANG_WARN_RANGE_LOOP_ANALYSIS = YES;
				CLANG_WARN_STRICT_PROTOTYPES = YES;
				CLANG_WARN_SUSPICIOUS_MOVE = YES;
				CLANG_WARN_UNGUARDED_AVAILABILITY = YES_AGGRESSIVE;
				CLANG_WARN_UNREACHABLE_CODE = YES;
				CLANG_WARN__DUPLICATE_METHOD_MATCH = YES;
				COPY_PHASE_STRIP = NO;
				DEBUG_INFORMATION_FORMAT = dwarf;
				ENABLE_STRICT_OBJC_MSGSEND = YES;
				ENABLE_TESTABILITY = YES;
				GCC_C_LANGUAGE_STANDARD = gnu11;
				GCC_DYNAMIC_NO_PIC = NO;
				GCC_NO_COMMON_BLOCKS = YES;
				GCC_OPTIMIZATION_LEVEL = 0;
				GCC_PREPROCESSOR_DEFINITIONS = (
					"DEBUG=1",
					"$(inherited)",
				);
				GCC_WARN_64_TO_32_BIT_CONVERSION = YES;
				GCC_WARN_ABOUT_RETURN_TYPE = YES_ERROR;
				GCC_WARN_UNDECLARED_SELECTOR = YES;
				GCC_WARN_UNINITIALIZED_AUTOS = YES_AGGRESSIVE;
				GCC_WARN_UNUSED_FUNCTION = YES;
				GCC_WARN_UNUSED_VARIABLE = YES;
				IPHONEOS_DEPLOYMENT_TARGET = 15.5;
				MTL_ENABLE_DEBUG_INFO = INCLUDE_SOURCE;
				MTL_FAST_MATH = YES;
				ONLY_ACTIVE_ARCH = YES;
				SDKROOT = iphoneos;
				SWIFT_ACTIVE_COMPILATION_CONDITIONS = DEBUG;
				SWIFT_OPTIMIZATION_LEVEL = "-Onone";
			};
			name = Debug;
		};
		4901D0182847A8C500143EB9 /* Release */ = {
			isa = XCBuildConfiguration;
			buildSettings = {
				ALWAYS_SEARCH_USER_PATHS = NO;
				CLANG_ANALYZER_NONNULL = YES;
				CLANG_ANALYZER_NUMBER_OBJECT_CONVERSION = YES_AGGRESSIVE;
				CLANG_CXX_LANGUAGE_STANDARD = "gnu++17";
				CLANG_ENABLE_MODULES = YES;
				CLANG_ENABLE_OBJC_ARC = YES;
				CLANG_ENABLE_OBJC_WEAK = YES;
				CLANG_WARN_BLOCK_CAPTURE_AUTORELEASING = YES;
				CLANG_WARN_BOOL_CONVERSION = YES;
				CLANG_WARN_COMMA = YES;
				CLANG_WARN_CONSTANT_CONVERSION = YES;
				CLANG_WARN_DEPRECATED_OBJC_IMPLEMENTATIONS = YES;
				CLANG_WARN_DIRECT_OBJC_ISA_USAGE = YES_ERROR;
				CLANG_WARN_DOCUMENTATION_COMMENTS = YES;
				CLANG_WARN_EMPTY_BODY = YES;
				CLANG_WARN_ENUM_CONVERSION = YES;
				CLANG_WARN_INFINITE_RECURSION = YES;
				CLANG_WARN_INT_CONVERSION = YES;
				CLANG_WARN_NON_LITERAL_NULL_CONVERSION = YES;
				CLANG_WARN_OBJC_IMPLICIT_RETAIN_SELF = YES;
				CLANG_WARN_OBJC_LITERAL_CONVERSION = YES;
				CLANG_WARN_OBJC_ROOT_CLASS = YES_ERROR;
				CLANG_WARN_QUOTED_INCLUDE_IN_FRAMEWORK_HEADER = YES;
				CLANG_WARN_RANGE_LOOP_ANALYSIS = YES;
				CLANG_WARN_STRICT_PROTOTYPES = YES;
				CLANG_WARN_SUSPICIOUS_MOVE = YES;
				CLANG_WARN_UNGUARDED_AVAILABILITY = YES_AGGRESSIVE;
				CLANG_WARN_UNREACHABLE_CODE = YES;
				CLANG_WARN__DUPLICATE_METHOD_MATCH = YES;
				COPY_PHASE_STRIP = NO;
				DEBUG_INFORMATION_FORMAT = "dwarf-with-dsym";
				ENABLE_NS_ASSERTIONS = NO;
				ENABLE_STRICT_OBJC_MSGSEND = YES;
				GCC_C_LANGUAGE_STANDARD = gnu11;
				GCC_NO_COMMON_BLOCKS = YES;
				GCC_WARN_64_TO_32_BIT_CONVERSION = YES;
				GCC_WARN_ABOUT_RETURN_TYPE = YES_ERROR;
				GCC_WARN_UNDECLARED_SELECTOR = YES;
				GCC_WARN_UNINITIALIZED_AUTOS = YES_AGGRESSIVE;
				GCC_WARN_UNUSED_FUNCTION = YES;
				GCC_WARN_UNUSED_VARIABLE = YES;
				IPHONEOS_DEPLOYMENT_TARGET = 15.5;
				MTL_ENABLE_DEBUG_INFO = NO;
				MTL_FAST_MATH = YES;
				SDKROOT = iphoneos;
				SWIFT_COMPILATION_MODE = wholemodule;
				SWIFT_OPTIMIZATION_LEVEL = "-O";
				VALIDATE_PRODUCT = YES;
			};
			name = Release;
		};
		4901D01A2847A8C500143EB9 /* Debug */ = {
			isa = XCBuildConfiguration;
			buildSettings = {
				ASSETCATALOG_COMPILER_APPICON_NAME = AppIcon;
				ASSETCATALOG_COMPILER_GLOBAL_ACCENT_COLOR_NAME = AccentColor;
				CODE_SIGN_STYLE = Automatic;
				CURRENT_PROJECT_VERSION = 1;
				DEVELOPMENT_ASSET_PATHS = "\"VisionaryDesignApp/Preview Content\"";
				DEVELOPMENT_TEAM = AU2AUBTN9P;
				ENABLE_PREVIEWS = YES;
				GENERATE_INFOPLIST_FILE = YES;
				INFOPLIST_KEY_UIApplicationSceneManifest_Generation = YES;
				INFOPLIST_KEY_UIApplicationSupportsIndirectInputEvents = YES;
				INFOPLIST_KEY_UILaunchScreen_Generation = YES;
				INFOPLIST_KEY_UISupportedInterfaceOrientations_iPad = "UIInterfaceOrientationPortrait UIInterfaceOrientationPortraitUpsideDown UIInterfaceOrientationLandscapeLeft UIInterfaceOrientationLandscapeRight";
				INFOPLIST_KEY_UISupportedInterfaceOrientations_iPhone = "UIInterfaceOrientationPortrait UIInterfaceOrientationLandscapeLeft UIInterfaceOrientationLandscapeRight";
				LD_RUNPATH_SEARCH_PATHS = (
					"$(inherited)",
					"@executable_path/Frameworks",
				);
				MARKETING_VERSION = 1.0;
				PRODUCT_BUNDLE_IDENTIFIER = bianca.VisionaryDesignApp;
				PRODUCT_NAME = "$(TARGET_NAME)";
				SWIFT_EMIT_LOC_STRINGS = YES;
				SWIFT_VERSION = 5.0;
				TARGETED_DEVICE_FAMILY = "1,2";
			};
			name = Debug;
		};
		4901D01B2847A8C500143EB9 /* Release */ = {
			isa = XCBuildConfiguration;
			buildSettings = {
				ASSETCATALOG_COMPILER_APPICON_NAME = AppIcon;
				ASSETCATALOG_COMPILER_GLOBAL_ACCENT_COLOR_NAME = AccentColor;
				CODE_SIGN_STYLE = Automatic;
				CURRENT_PROJECT_VERSION = 1;
				DEVELOPMENT_ASSET_PATHS = "\"VisionaryDesignApp/Preview Content\"";
				DEVELOPMENT_TEAM = AU2AUBTN9P;
				ENABLE_PREVIEWS = YES;
				GENERATE_INFOPLIST_FILE = YES;
				INFOPLIST_KEY_UIApplicationSceneManifest_Generation = YES;
				INFOPLIST_KEY_UIApplicationSupportsIndirectInputEvents = YES;
				INFOPLIST_KEY_UILaunchScreen_Generation = YES;
				INFOPLIST_KEY_UISupportedInterfaceOrientations_iPad = "UIInterfaceOrientationPortrait UIInterfaceOrientationPortraitUpsideDown UIInterfaceOrientationLandscapeLeft UIInterfaceOrientationLandscapeRight";
				INFOPLIST_KEY_UISupportedInterfaceOrientations_iPhone = "UIInterfaceOrientationPortrait UIInterfaceOrientationLandscapeLeft UIInterfaceOrientationLandscapeRight";
				LD_RUNPATH_SEARCH_PATHS = (
					"$(inherited)",
					"@executable_path/Frameworks",
				);
				MARKETING_VERSION = 1.0;
				PRODUCT_BUNDLE_IDENTIFIER = bianca.VisionaryDesignApp;
				PRODUCT_NAME = "$(TARGET_NAME)";
				SWIFT_EMIT_LOC_STRINGS = YES;
				SWIFT_VERSION = 5.0;
				TARGETED_DEVICE_FAMILY = "1,2";
			};
			name = Release;
		};
		4901D01D2847A8C500143EB9 /* Debug */ = {
			isa = XCBuildConfiguration;
			buildSettings = {
				ALWAYS_EMBED_SWIFT_STANDARD_LIBRARIES = YES;
				BUNDLE_LOADER = "$(TEST_HOST)";
				CODE_SIGN_STYLE = Automatic;
				CURRENT_PROJECT_VERSION = 1;
				DEVELOPMENT_TEAM = AU2AUBTN9P;
				GENERATE_INFOPLIST_FILE = YES;
				IPHONEOS_DEPLOYMENT_TARGET = 15.5;
				MARKETING_VERSION = 1.0;
				PRODUCT_BUNDLE_IDENTIFIER = bianca.VisionaryDesignAppTests;
				PRODUCT_NAME = "$(TARGET_NAME)";
				SWIFT_EMIT_LOC_STRINGS = NO;
				SWIFT_VERSION = 5.0;
				TARGETED_DEVICE_FAMILY = "1,2";
				TEST_HOST = "$(BUILT_PRODUCTS_DIR)/VisionaryDesignApp.app/VisionaryDesignApp";
			};
			name = Debug;
		};
		4901D01E2847A8C500143EB9 /* Release */ = {
			isa = XCBuildConfiguration;
			buildSettings = {
				ALWAYS_EMBED_SWIFT_STANDARD_LIBRARIES = YES;
				BUNDLE_LOADER = "$(TEST_HOST)";
				CODE_SIGN_STYLE = Automatic;
				CURRENT_PROJECT_VERSION = 1;
				DEVELOPMENT_TEAM = AU2AUBTN9P;
				GENERATE_INFOPLIST_FILE = YES;
				IPHONEOS_DEPLOYMENT_TARGET = 15.5;
				MARKETING_VERSION = 1.0;
				PRODUCT_BUNDLE_IDENTIFIER = bianca.VisionaryDesignAppTests;
				PRODUCT_NAME = "$(TARGET_NAME)";
				SWIFT_EMIT_LOC_STRINGS = NO;
				SWIFT_VERSION = 5.0;
				TARGETED_DEVICE_FAMILY = "1,2";
				TEST_HOST = "$(BUILT_PRODUCTS_DIR)/VisionaryDesignApp.app/VisionaryDesignApp";
			};
			name = Release;
		};
		4901D0202847A8C500143EB9 /* Debug */ = {
			isa = XCBuildConfiguration;
			buildSettings = {
				ALWAYS_EMBED_SWIFT_STANDARD_LIBRARIES = YES;
				CODE_SIGN_STYLE = Automatic;
				CURRENT_PROJECT_VERSION = 1;
				DEVELOPMENT_TEAM = AU2AUBTN9P;
				GENERATE_INFOPLIST_FILE = YES;
				MARKETING_VERSION = 1.0;
				PRODUCT_BUNDLE_IDENTIFIER = bianca.VisionaryDesignAppUITests;
				PRODUCT_NAME = "$(TARGET_NAME)";
				SWIFT_EMIT_LOC_STRINGS = NO;
				SWIFT_VERSION = 5.0;
				TARGETED_DEVICE_FAMILY = "1,2";
				TEST_TARGET_NAME = VisionaryDesignApp;
			};
			name = Debug;
		};
		4901D0212847A8C500143EB9 /* Release */ = {
			isa = XCBuildConfiguration;
			buildSettings = {
				ALWAYS_EMBED_SWIFT_STANDARD_LIBRARIES = YES;
				CODE_SIGN_STYLE = Automatic;
				CURRENT_PROJECT_VERSION = 1;
				DEVELOPMENT_TEAM = AU2AUBTN9P;
				GENERATE_INFOPLIST_FILE = YES;
				MARKETING_VERSION = 1.0;
				PRODUCT_BUNDLE_IDENTIFIER = bianca.VisionaryDesignAppUITests;
				PRODUCT_NAME = "$(TARGET_NAME)";
				SWIFT_EMIT_LOC_STRINGS = NO;
				SWIFT_VERSION = 5.0;
				TARGETED_DEVICE_FAMILY = "1,2";
				TEST_TARGET_NAME = VisionaryDesignApp;
			};
			name = Release;
		};
/* End XCBuildConfiguration section */

/* Begin XCConfigurationList section */
		4901CFF02847A8C200143EB9 /* Build configuration list for PBXProject "VisionaryDesignApp" */ = {
			isa = XCConfigurationList;
			buildConfigurations = (
				4901D0172847A8C500143EB9 /* Debug */,
				4901D0182847A8C500143EB9 /* Release */,
			);
			defaultConfigurationIsVisible = 0;
			defaultConfigurationName = Release;
		};
		4901D0192847A8C500143EB9 /* Build configuration list for PBXNativeTarget "VisionaryDesignApp" */ = {
			isa = XCConfigurationList;
			buildConfigurations = (
				4901D01A2847A8C500143EB9 /* Debug */,
				4901D01B2847A8C500143EB9 /* Release */,
			);
			defaultConfigurationIsVisible = 0;
			defaultConfigurationName = Release;
		};
		4901D01C2847A8C500143EB9 /* Build configuration list for PBXNativeTarget "VisionaryDesignAppTests" */ = {
			isa = XCConfigurationList;
			buildConfigurations = (
				4901D01D2847A8C500143EB9 /* Debug */,
				4901D01E2847A8C500143EB9 /* Release */,
			);
			defaultConfigurationIsVisible = 0;
			defaultConfigurationName = Release;
		};
		4901D01F2847A8C500143EB9 /* Build configuration list for PBXNativeTarget "VisionaryDesignAppUITests" */ = {
			isa = XCConfigurationList;
			buildConfigurations = (
				4901D0202847A8C500143EB9 /* Debug */,
				4901D0212847A8C500143EB9 /* Release */,
			);
			defaultConfigurationIsVisible = 0;
			defaultConfigurationName = Release;
		};
/* End XCConfigurationList section */
	};
	rootObject = 4901CFED2847A8C200143EB9 /* Project object */;
}
